
Microsoft Visual Studio Solution File, Format Version 12.00
# Visual Studio 15
VisualStudioVersion = 15.0.26124.0
MinimumVisualStudioVersion = 15.0.26124.0
Project("{2150E333-8FDC-42A3-9474-1A3956D46DE8}") = "src", "src", "{84518503-D189-465E-BC13-8D6F15A18B26}"
EndProject
Project("{FAE04EC0-301F-11D3-BF4B-00C04F79EFBC}") = "Cascade.DirectoryAgent", "src\Cascade.DirectoryAgent\Cascade.DirectoryAgent.csproj", "{BADFD5E9-B8F5-451D-A934-F814EE86C74B}"
EndProject
Global
	GlobalSection(SolutionConfigurationPlatforms) = preSolution
		Debug|Any CPU = Debug|Any CPU
		Debug|x64 = Debug|x64
		Debug|x86 = Debug|x86
		Release|Any CPU = Release|Any CPU
		Release|x64 = Release|x64
		Release|x86 = Release|x86
	EndGlobalSection
	GlobalSection(SolutionProperties) = preSolution
		HideSolutionNode = FALSE
	EndGlobalSection
	GlobalSection(ProjectConfigurationPlatforms) = postSolution
		{BADFD5E9-B8F5-451D-A934-F814EE86C74B}.Debug|Any CPU.ActiveCfg = Debug|Any CPU
		{BADFD5E9-B8F5-451D-A934-F814EE86C74B}.Debug|Any CPU.Build.0 = Debug|Any CPU
		{BADFD5E9-B8F5-451D-A934-F814EE86C74B}.Debug|x64.ActiveCfg = Debug|Any CPU
		{BADFD5E9-B8F5-451D-A934-F814EE86C74B}.Debug|x64.Build.0 = Debug|Any CPU
		{BADFD5E9-B8F5-451D-A934-F814EE86C74B}.Debug|x86.ActiveCfg = Debug|Any CPU
		{BADFD5E9-B8F5-451D-A934-F814EE86C74B}.Debug|x86.Build.0 = Debug|Any CPU
		{BADFD5E9-B8F5-451D-A934-F814EE86C74B}.Release|Any CPU.ActiveCfg = Release|Any CPU
		{BADFD5E9-B8F5-451D-A934-F814EE86C74B}.Release|Any CPU.Build.0 = Release|Any CPU
		{BADFD5E9-B8F5-451D-A934-F814EE86C74B}.Release|x64.ActiveCfg = Release|Any CPU
		{BADFD5E9-B8F5-451D-A934-F814EE86C74B}.Release|x64.Build.0 = Release|Any CPU
		{BADFD5E9-B8F5-451D-A934-F814EE86C74B}.Release|x86.ActiveCfg = Release|Any CPU
		{BADFD5E9-B8F5-451D-A934-F814EE86C74B}.Release|x86.Build.0 = Release|Any CPU
	EndGlobalSection
	GlobalSection(NestedProjects) = preSolution
		{BADFD5E9-B8F5-451D-A934-F814EE86C74B} = {84518503-D189-465E-BC13-8D6F15A18B26}
	EndGlobalSection
EndGlobal
